
Microsoft Visual Studio Solution File, Format Version 12.00
# Visual Studio Version 16
VisualStudioVersion = 25.0.1700.4
MinimumVisualStudioVersion = 10.0.40219.1
Project("{FAE04EC0-301F-11D3-BF4B-00C04F79EFBC}") = "pipeline", "pipeline\pipeline.csproj", "{B3F7E613-3D97-416E-8D17-3E05E9306E86}"
EndProject
Global
	GlobalSection(SolutionConfigurationPlatforms) = preSolution
		Debug|Any CPU = Debug|Any CPU
		Release|Any CPU = Release|Any CPU
	EndGlobalSection
	GlobalSection(ProjectConfigurationPlatforms) = postSolution
		{B3F7E613-3D97-416E-8D17-3E05E9306E86}.Debug|Any CPU.ActiveCfg = Debug|Any CPU
		{B3F7E613-3D97-416E-8D17-3E05E9306E86}.Debug|Any CPU.Build.0 = Debug|Any CPU
		{B3F7E613-3D97-416E-8D17-3E05E9306E86}.Release|Any CPU.ActiveCfg = Release|Any CPU
		{B3F7E613-3D97-416E-8D17-3E05E9306E86}.Release|Any CPU.Build.0 = Release|Any CPU
	EndGlobalSection
	GlobalSection(SolutionProperties) = preSolution
		HideSolutionNode = FALSE
	EndGlobalSection
	GlobalSection(ExtensibilityGlobals) = postSolution
		SolutionGuid = {C5783DA7-86C9-412F-82AD-B9320796FB78}
	EndGlobalSection
EndGlobal
